
Microsoft Visual Studio Solution File, Format Version 12.00
# Visual Studio Version 16
VisualStudioVersion = 16.0.32228.343
MinimumVisualStudioVersion = 10.0.40219.1
Project("{FAE04EC0-301F-11D3-BF4B-00C04F79EFBC}") = "WA_devoir3", "WA_devoir3\WA_devoir3.csproj", "{1A49641F-4FBC-4445-A02A-C8EDB016F04D}"
EndProject
Global
	GlobalSection(SolutionConfigurationPlatforms) = preSolution
		Debug|Any CPU = Debug|Any CPU
		Release|Any CPU = Release|Any CPU
	EndGlobalSection
	GlobalSection(ProjectConfigurationPlatforms) = postSolution
		{1A49641F-4FBC-4445-A02A-C8EDB016F04D}.Debug|Any CPU.ActiveCfg = Debug|Any CPU
		{1A49641F-4FBC-4445-A02A-C8EDB016F04D}.Debug|Any CPU.Build.0 = Debug|Any CPU
		{1A49641F-4FBC-4445-A02A-C8EDB016F04D}.Release|Any CPU.ActiveCfg = Release|Any CPU
		{1A49641F-4FBC-4445-A02A-C8EDB016F04D}.Release|Any CPU.Build.0 = Release|Any CPU
	EndGlobalSection
	GlobalSection(SolutionProperties) = preSolution
		HideSolutionNode = FALSE
	EndGlobalSection
	GlobalSection(ExtensibilityGlobals) = postSolution
		SolutionGuid = {231730AA-86DD-4DD7-AD91-6121ACD853E6}
	EndGlobalSection
EndGlobal
